
Microsoft Visual Studio Solution File, Format Version 12.00
# Visual Studio 14
VisualStudioVersion = 14.0.25420.1
MinimumVisualStudioVersion = 10.0.40219.1
Project("{FAE04EC0-301F-11D3-BF4B-00C04F79EFBC}") = "TesteDigital", "TesteDigital\TesteDigital\TesteDigital.csproj", "{2998DCD5-3845-4644-9BDC-C43C93687801}"
EndProject
Project("{FAE04EC0-301F-11D3-BF4B-00C04F79EFBC}") = "TesteDigital.Droid", "TesteDigital\TesteDigital.Droid\TesteDigital.Droid.csproj", "{CA1870D2-8FC4-4DCF-8CDE-E013FCC75936}"
EndProject
Project("{FAE04EC0-301F-11D3-BF4B-00C04F79EFBC}") = "TesteDigital.iOS", "TesteDigital\TesteDigital.iOS\TesteDigital.iOS.csproj", "{9324170F-6231-43AC-9C66-36D3452F53D5}"
EndProject
Project("{2150E333-8FDC-42A3-9474-1A3956D46DE8}") = "Mobile", "Mobile", "{848D061D-1B8A-4B75-89AA-779A395D3AE7}"
EndProject
Project("{2150E333-8FDC-42A3-9474-1A3956D46DE8}") = "WebService", "WebService", "{8C72A39C-4DEF-411A-A568-E5EA3716A648}"
EndProject
Project("{FAE04EC0-301F-11D3-BF4B-00C04F79EFBC}") = "WebServiceMarvel", "WebServiceMarvel\WebServiceMarvel.csproj", "{7439497B-9593-41C1-9E0B-6E859C5CF895}"
EndProject
Project("{FAE04EC0-301F-11D3-BF4B-00C04F79EFBC}") = "TesteDigital.UWP", "TesteDigital.UWP\TesteDigital.UWP.csproj", "{BC514CD6-9662-43AA-AF59-6EBA7C279CEC}"
EndProject
Global
	GlobalSection(SolutionConfigurationPlatforms) = preSolution
		Ad-Hoc|Any CPU = Ad-Hoc|Any CPU
		Ad-Hoc|ARM = Ad-Hoc|ARM
		Ad-Hoc|iPhone = Ad-Hoc|iPhone
		Ad-Hoc|iPhoneSimulator = Ad-Hoc|iPhoneSimulator
		Ad-Hoc|x64 = Ad-Hoc|x64
		Ad-Hoc|x86 = Ad-Hoc|x86
		AppStore|Any CPU = AppStore|Any CPU
		AppStore|ARM = AppStore|ARM
		AppStore|iPhone = AppStore|iPhone
		AppStore|iPhoneSimulator = AppStore|iPhoneSimulator
		AppStore|x64 = AppStore|x64
		AppStore|x86 = AppStore|x86
		Debug|Any CPU = Debug|Any CPU
		Debug|ARM = Debug|ARM
		Debug|iPhone = Debug|iPhone
		Debug|iPhoneSimulator = Debug|iPhoneSimulator
		Debug|x64 = Debug|x64
		Debug|x86 = Debug|x86
		Release|Any CPU = Release|Any CPU
		Release|ARM = Release|ARM
		Release|iPhone = Release|iPhone
		Release|iPhoneSimulator = Release|iPhoneSimulator
		Release|x64 = Release|x64
		Release|x86 = Release|x86
	EndGlobalSection
	GlobalSection(ProjectConfigurationPlatforms) = postSolution
		{2998DCD5-3845-4644-9BDC-C43C93687801}.Ad-Hoc|Any CPU.ActiveCfg = Release|Any CPU
		{2998DCD5-3845-4644-9BDC-C43C93687801}.Ad-Hoc|Any CPU.Build.0 = Release|Any CPU
		{2998DCD5-3845-4644-9BDC-C43C93687801}.Ad-Hoc|ARM.ActiveCfg = Debug|Any CPU
		{2998DCD5-3845-4644-9BDC-C43C93687801}.Ad-Hoc|ARM.Build.0 = Debug|Any CPU
		{2998DCD5-3845-4644-9BDC-C43C93687801}.Ad-Hoc|iPhone.ActiveCfg = Release|Any CPU
		{2998DCD5-3845-4644-9BDC-C43C93687801}.Ad-Hoc|iPhone.Build.0 = Release|Any CPU
		{2998DCD5-3845-4644-9BDC-C43C93687801}.Ad-Hoc|iPhoneSimulator.ActiveCfg = Release|Any CPU
		{2998DCD5-3845-4644-9BDC-C43C93687801}.Ad-Hoc|iPhoneSimulator.Build.0 = Release|Any CPU
		{2998DCD5-3845-4644-9BDC-C43C93687801}.Ad-Hoc|x64.ActiveCfg = Debug|Any CPU
		{2998DCD5-3845-4644-9BDC-C43C93687801}.Ad-Hoc|x64.Build.0 = Debug|Any CPU
		{2998DCD5-3845-4644-9BDC-C43C93687801}.Ad-Hoc|x86.ActiveCfg = Debug|Any CPU
		{2998DCD5-3845-4644-9BDC-C43C93687801}.Ad-Hoc|x86.Build.0 = Debug|Any CPU
		{2998DCD5-3845-4644-9BDC-C43C93687801}.AppStore|Any CPU.ActiveCfg = Release|Any CPU
		{2998DCD5-3845-4644-9BDC-C43C93687801}.AppStore|Any CPU.Build.0 = Release|Any CPU
		{2998DCD5-3845-4644-9BDC-C43C93687801}.AppStore|ARM.ActiveCfg = Debug|Any CPU
		{2998DCD5-3845-4644-9BDC-C43C93687801}.AppStore|ARM.Build.0 = Debug|Any CPU
		{2998DCD5-3845-4644-9BDC-C43C93687801}.AppStore|iPhone.ActiveCfg = Release|Any CPU
		{2998DCD5-3845-4644-9BDC-C43C93687801}.AppStore|iPhone.Build.0 = Release|Any CPU
		{2998DCD5-3845-4644-9BDC-C43C93687801}.AppStore|iPhoneSimulator.ActiveCfg = Release|Any CPU
		{2998DCD5-3845-4644-9BDC-C43C93687801}.AppStore|iPhoneSimulator.Build.0 = Release|Any CPU
		{2998DCD5-3845-4644-9BDC-C43C93687801}.AppStore|x64.ActiveCfg = Debug|Any CPU
		{2998DCD5-3845-4644-9BDC-C43C93687801}.AppStore|x64.Build.0 = Debug|Any CPU
		{2998DCD5-3845-4644-9BDC-C43C93687801}.AppStore|x86.ActiveCfg = Debug|Any CPU
		{2998DCD5-3845-4644-9BDC-C43C93687801}.AppStore|x86.Build.0 = Debug|Any CPU
		{2998DCD5-3845-4644-9BDC-C43C93687801}.Debug|Any CPU.ActiveCfg = Debug|Any CPU
		{2998DCD5-3845-4644-9BDC-C43C93687801}.Debug|Any CPU.Build.0 = Debug|Any CPU
		{2998DCD5-3845-4644-9BDC-C43C93687801}.Debug|ARM.ActiveCfg = Debug|Any CPU
		{2998DCD5-3845-4644-9BDC-C43C93687801}.Debug|ARM.Build.0 = Debug|Any CPU
		{2998DCD5-3845-4644-9BDC-C43C93687801}.Debug|iPhone.ActiveCfg = Debug|Any CPU
		{2998DCD5-3845-4644-9BDC-C43C93687801}.Debug|iPhone.Build.0 = Debug|Any CPU
		{2998DCD5-3845-4644-9BDC-C43C93687801}.Debug|iPhoneSimulator.ActiveCfg = Debug|Any CPU
		{2998DCD5-3845-4644-9BDC-C43C93687801}.Debug|iPhoneSimulator.Build.0 = Debug|Any CPU
		{2998DCD5-3845-4644-9BDC-C43C93687801}.Debug|x64.ActiveCfg = Debug|Any CPU
		{2998DCD5-3845-4644-9BDC-C43C93687801}.Debug|x64.Build.0 = Debug|Any CPU
		{2998DCD5-3845-4644-9BDC-C43C93687801}.Debug|x86.ActiveCfg = Debug|Any CPU
		{2998DCD5-3845-4644-9BDC-C43C93687801}.Debug|x86.Build.0 = Debug|Any CPU
		{2998DCD5-3845-4644-9BDC-C43C93687801}.Release|Any CPU.ActiveCfg = Release|Any CPU
		{2998DCD5-3845-4644-9BDC-C43C93687801}.Release|Any CPU.Build.0 = Release|Any CPU
		{2998DCD5-3845-4644-9BDC-C43C93687801}.Release|ARM.ActiveCfg = Release|Any CPU
		{2998DCD5-3845-4644-9BDC-C43C93687801}.Release|ARM.Build.0 = Release|Any CPU
		{2998DCD5-3845-4644-9BDC-C43C93687801}.Release|iPhone.ActiveCfg = Release|Any CPU
		{2998DCD5-3845-4644-9BDC-C43C93687801}.Release|iPhone.Build.0 = Release|Any CPU
		{2998DCD5-3845-4644-9BDC-C43C93687801}.Release|iPhoneSimulator.ActiveCfg = Release|Any CPU
		{2998DCD5-3845-4644-9BDC-C43C93687801}.Release|iPhoneSimulator.Build.0 = Release|Any CPU
		{2998DCD5-3845-4644-9BDC-C43C93687801}.Release|x64.ActiveCfg = Release|Any CPU
		{2998DCD5-3845-4644-9BDC-C43C93687801}.Release|x64.Build.0 = Release|Any CPU
		{2998DCD5-3845-4644-9BDC-C43C93687801}.Release|x86.ActiveCfg = Release|Any CPU
		{2998DCD5-3845-4644-9BDC-C43C93687801}.Release|x86.Build.0 = Release|Any CPU
		{CA1870D2-8FC4-4DCF-8CDE-E013FCC75936}.Ad-Hoc|Any CPU.ActiveCfg = Release|Any CPU
		{CA1870D2-8FC4-4DCF-8CDE-E013FCC75936}.Ad-Hoc|Any CPU.Build.0 = Release|Any CPU
		{CA1870D2-8FC4-4DCF-8CDE-E013FCC75936}.Ad-Hoc|Any CPU.Deploy.0 = Release|Any CPU
		{CA1870D2-8FC4-4DCF-8CDE-E013FCC75936}.Ad-Hoc|ARM.ActiveCfg = Debug|Any CPU
		{CA1870D2-8FC4-4DCF-8CDE-E013FCC75936}.Ad-Hoc|ARM.Build.0 = Debug|Any CPU
		{CA1870D2-8FC4-4DCF-8CDE-E013FCC75936}.Ad-Hoc|ARM.Deploy.0 = Debug|Any CPU
		{CA1870D2-8FC4-4DCF-8CDE-E013FCC75936}.Ad-Hoc|iPhone.ActiveCfg = Release|Any CPU
		{CA1870D2-8FC4-4DCF-8CDE-E013FCC75936}.Ad-Hoc|iPhone.Build.0 = Release|Any CPU
		{CA1870D2-8FC4-4DCF-8CDE-E013FCC75936}.Ad-Hoc|iPhone.Deploy.0 = Release|Any CPU
		{CA1870D2-8FC4-4DCF-8CDE-E013FCC75936}.Ad-Hoc|iPhoneSimulator.ActiveCfg = Release|Any CPU
		{CA1870D2-8FC4-4DCF-8CDE-E013FCC75936}.Ad-Hoc|iPhoneSimulator.Build.0 = Release|Any CPU
		{CA1870D2-8FC4-4DCF-8CDE-E013FCC75936}.Ad-Hoc|iPhoneSimulator.Deploy.0 = Release|Any CPU
		{CA1870D2-8FC4-4DCF-8CDE-E013FCC75936}.Ad-Hoc|x64.ActiveCfg = Debug|Any CPU
		{CA1870D2-8FC4-4DCF-8CDE-E013FCC75936}.Ad-Hoc|x64.Build.0 = Debug|Any CPU
		{CA1870D2-8FC4-4DCF-8CDE-E013FCC75936}.Ad-Hoc|x64.Deploy.0 = Debug|Any CPU
		{CA1870D2-8FC4-4DCF-8CDE-E013FCC75936}.Ad-Hoc|x86.ActiveCfg = Debug|Any CPU
		{CA1870D2-8FC4-4DCF-8CDE-E013FCC75936}.Ad-Hoc|x86.Build.0 = Debug|Any CPU
		{CA1870D2-8FC4-4DCF-8CDE-E013FCC75936}.Ad-Hoc|x86.Deploy.0 = Debug|Any CPU
		{CA1870D2-8FC4-4DCF-8CDE-E013FCC75936}.AppStore|Any CPU.ActiveCfg = Release|Any CPU
		{CA1870D2-8FC4-4DCF-8CDE-E013FCC75936}.AppStore|Any CPU.Build.0 = Release|Any CPU
		{CA1870D2-8FC4-4DCF-8CDE-E013FCC75936}.AppStore|Any CPU.Deploy.0 = Release|Any CPU
		{CA1870D2-8FC4-4DCF-8CDE-E013FCC75936}.AppStore|ARM.ActiveCfg = Debug|Any CPU
		{CA1870D2-8FC4-4DCF-8CDE-E013FCC75936}.AppStore|ARM.Build.0 = Debug|Any CPU
		{CA1870D2-8FC4-4DCF-8CDE-E013FCC75936}.AppStore|ARM.Deploy.0 = Debug|Any CPU
		{CA1870D2-8FC4-4DCF-8CDE-E013FCC75936}.AppStore|iPhone.ActiveCfg = Release|Any CPU
		{CA1870D2-8FC4-4DCF-8CDE-E013FCC75936}.AppStore|iPhone.Build.0 = Release|Any CPU
		{CA1870D2-8FC4-4DCF-8CDE-E013FCC75936}.AppStore|iPhone.Deploy.0 = Release|Any CPU
		{CA1870D2-8FC4-4DCF-8CDE-E013FCC75936}.AppStore|iPhoneSimulator.ActiveCfg = Release|Any CPU
		{CA1870D2-8FC4-4DCF-8CDE-E013FCC75936}.AppStore|iPhoneSimulator.Build.0 = Release|Any CPU
		{CA1870D2-8FC4-4DCF-8CDE-E013FCC75936}.AppStore|iPhoneSimulator.Deploy.0 = Release|Any CPU
		{CA1870D2-8FC4-4DCF-8CDE-E013FCC75936}.AppStore|x64.ActiveCfg = Debug|Any CPU
		{CA1870D2-8FC4-4DCF-8CDE-E013FCC75936}.AppStore|x64.Build.0 = Debug|Any CPU
		{CA1870D2-8FC4-4DCF-8CDE-E013FCC75936}.AppStore|x64.Deploy.0 = Debug|Any CPU
		{CA1870D2-8FC4-4DCF-8CDE-E013FCC75936}.AppStore|x86.ActiveCfg = Debug|Any CPU
		{CA1870D2-8FC4-4DCF-8CDE-E013FCC75936}.AppStore|x86.Build.0 = Debug|Any CPU
		{CA1870D2-8FC4-4DCF-8CDE-E013FCC75936}.AppStore|x86.Deploy.0 = Debug|Any CPU
		{CA1870D2-8FC4-4DCF-8CDE-E013FCC75936}.Debug|Any CPU.ActiveCfg = Debug|Any CPU
		{CA1870D2-8FC4-4DCF-8CDE-E013FCC75936}.Debug|Any CPU.Build.0 = Debug|Any CPU
		{CA1870D2-8FC4-4DCF-8CDE-E013FCC75936}.Debug|Any CPU.Deploy.0 = Debug|Any CPU
		{CA1870D2-8FC4-4DCF-8CDE-E013FCC75936}.Debug|ARM.ActiveCfg = Debug|Any CPU
		{CA1870D2-8FC4-4DCF-8CDE-E013FCC75936}.Debug|ARM.Build.0 = Debug|Any CPU
		{CA1870D2-8FC4-4DCF-8CDE-E013FCC75936}.Debug|ARM.Deploy.0 = Debug|Any CPU
		{CA1870D2-8FC4-4DCF-8CDE-E013FCC75936}.Debug|iPhone.ActiveCfg = Debug|Any CPU
		{CA1870D2-8FC4-4DCF-8CDE-E013FCC75936}.Debug|iPhone.Build.0 = Debug|Any CPU
		{CA1870D2-8FC4-4DCF-8CDE-E013FCC75936}.Debug|iPhone.Deploy.0 = Debug|Any CPU
		{CA1870D2-8FC4-4DCF-8CDE-E013FCC75936}.Debug|iPhoneSimulator.ActiveCfg = Debug|Any CPU
		{CA1870D2-8FC4-4DCF-8CDE-E013FCC75936}.Debug|iPhoneSimulator.Build.0 = Debug|Any CPU
		{CA1870D2-8FC4-4DCF-8CDE-E013FCC75936}.Debug|iPhoneSimulator.Deploy.0 = Debug|Any CPU
		{CA1870D2-8FC4-4DCF-8CDE-E013FCC75936}.Debug|x64.ActiveCfg = Debug|Any CPU
		{CA1870D2-8FC4-4DCF-8CDE-E013FCC75936}.Debug|x64.Build.0 = Debug|Any CPU
		{CA1870D2-8FC4-4DCF-8CDE-E013FCC75936}.Debug|x64.Deploy.0 = Debug|Any CPU
		{CA1870D2-8FC4-4DCF-8CDE-E013FCC75936}.Debug|x86.ActiveCfg = Debug|Any CPU
		{CA1870D2-8FC4-4DCF-8CDE-E013FCC75936}.Debug|x86.Build.0 = Debug|Any CPU
		{CA1870D2-8FC4-4DCF-8CDE-E013FCC75936}.Debug|x86.Deploy.0 = Debug|Any CPU
		{CA1870D2-8FC4-4DCF-8CDE-E013FCC75936}.Release|Any CPU.ActiveCfg = Release|Any CPU
		{CA1870D2-8FC4-4DCF-8CDE-E013FCC75936}.Release|Any CPU.Build.0 = Release|Any CPU
		{CA1870D2-8FC4-4DCF-8CDE-E013FCC75936}.Release|Any CPU.Deploy.0 = Release|Any CPU
		{CA1870D2-8FC4-4DCF-8CDE-E013FCC75936}.Release|ARM.ActiveCfg = Release|Any CPU
		{CA1870D2-8FC4-4DCF-8CDE-E013FCC75936}.Release|ARM.Build.0 = Release|Any CPU
		{CA1870D2-8FC4-4DCF-8CDE-E013FCC75936}.Release|ARM.Deploy.0 = Release|Any CPU
		{CA1870D2-8FC4-4DCF-8CDE-E013FCC75936}.Release|iPhone.ActiveCfg = Release|Any CPU
		{CA1870D2-8FC4-4DCF-8CDE-E013FCC75936}.Release|iPhone.Build.0 = Release|Any CPU
		{CA1870D2-8FC4-4DCF-8CDE-E013FCC75936}.Release|iPhone.Deploy.0 = Release|Any CPU
		{CA1870D2-8FC4-4DCF-8CDE-E013FCC75936}.Release|iPhoneSimulator.ActiveCfg = Release|Any CPU
		{CA1870D2-8FC4-4DCF-8CDE-E013FCC75936}.Release|iPhoneSimulator.Build.0 = Release|Any CPU
		{CA1870D2-8FC4-4DCF-8CDE-E013FCC75936}.Release|iPhoneSimulator.Deploy.0 = Release|Any CPU
		{CA1870D2-8FC4-4DCF-8CDE-E013FCC75936}.Release|x64.ActiveCfg = Release|Any CPU
		{CA1870D2-8FC4-4DCF-8CDE-E013FCC75936}.Release|x64.Build.0 = Release|Any CPU
		{CA1870D2-8FC4-4DCF-8CDE-E013FCC75936}.Release|x64.Deploy.0 = Release|Any CPU
		{CA1870D2-8FC4-4DCF-8CDE-E013FCC75936}.Release|x86.ActiveCfg = Release|Any CPU
		{CA1870D2-8FC4-4DCF-8CDE-E013FCC75936}.Release|x86.Build.0 = Release|Any CPU
		{CA1870D2-8FC4-4DCF-8CDE-E013FCC75936}.Release|x86.Deploy.0 = Release|Any CPU
		{9324170F-6231-43AC-9C66-36D3452F53D5}.Ad-Hoc|Any CPU.ActiveCfg = Ad-Hoc|iPhone
		{9324170F-6231-43AC-9C66-36D3452F53D5}.Ad-Hoc|ARM.ActiveCfg = Ad-Hoc|iPhoneSimulator
		{9324170F-6231-43AC-9C66-36D3452F53D5}.Ad-Hoc|iPhone.ActiveCfg = Ad-Hoc|iPhone
		{9324170F-6231-43AC-9C66-36D3452F53D5}.Ad-Hoc|iPhone.Build.0 = Ad-Hoc|iPhone
		{9324170F-6231-43AC-9C66-36D3452F53D5}.Ad-Hoc|iPhoneSimulator.ActiveCfg = Ad-Hoc|iPhoneSimulator
		{9324170F-6231-43AC-9C66-36D3452F53D5}.Ad-Hoc|iPhoneSimulator.Build.0 = Ad-Hoc|iPhoneSimulator
		{9324170F-6231-43AC-9C66-36D3452F53D5}.Ad-Hoc|x64.ActiveCfg = Ad-Hoc|iPhoneSimulator
		{9324170F-6231-43AC-9C66-36D3452F53D5}.Ad-Hoc|x86.ActiveCfg = Ad-Hoc|iPhoneSimulator
		{9324170F-6231-43AC-9C66-36D3452F53D5}.AppStore|Any CPU.ActiveCfg = AppStore|iPhone
		{9324170F-6231-43AC-9C66-36D3452F53D5}.AppStore|ARM.ActiveCfg = AppStore|iPhoneSimulator
		{9324170F-6231-43AC-9C66-36D3452F53D5}.AppStore|iPhone.ActiveCfg = AppStore|iPhone
		{9324170F-6231-43AC-9C66-36D3452F53D5}.AppStore|iPhone.Build.0 = AppStore|iPhone
		{9324170F-6231-43AC-9C66-36D3452F53D5}.AppStore|iPhoneSimulator.ActiveCfg = AppStore|iPhoneSimulator
		{9324170F-6231-43AC-9C66-36D3452F53D5}.AppStore|iPhoneSimulator.Build.0 = AppStore|iPhoneSimulator
		{9324170F-6231-43AC-9C66-36D3452F53D5}.AppStore|x64.ActiveCfg = AppStore|iPhoneSimulator
		{9324170F-6231-43AC-9C66-36D3452F53D5}.AppStore|x86.ActiveCfg = AppStore|iPhoneSimulator
		{9324170F-6231-43AC-9C66-36D3452F53D5}.Debug|Any CPU.ActiveCfg = Debug|iPhone
		{9324170F-6231-43AC-9C66-36D3452F53D5}.Debug|ARM.ActiveCfg = Debug|iPhoneSimulator
		{9324170F-6231-43AC-9C66-36D3452F53D5}.Debug|iPhone.ActiveCfg = Debug|iPhone
		{9324170F-6231-43AC-9C66-36D3452F53D5}.Debug|iPhone.Build.0 = Debug|iPhone
		{9324170F-6231-43AC-9C66-36D3452F53D5}.Debug|iPhoneSimulator.ActiveCfg = Debug|iPhoneSimulator
		{9324170F-6231-43AC-9C66-36D3452F53D5}.Debug|iPhoneSimulator.Build.0 = Debug|iPhoneSimulator
		{9324170F-6231-43AC-9C66-36D3452F53D5}.Debug|x64.ActiveCfg = Debug|iPhoneSimulator
		{9324170F-6231-43AC-9C66-36D3452F53D5}.Debug|x86.ActiveCfg = Debug|iPhoneSimulator
		{9324170F-6231-43AC-9C66-36D3452F53D5}.Release|Any CPU.ActiveCfg = Release|iPhone
		{9324170F-6231-43AC-9C66-36D3452F53D5}.Release|ARM.ActiveCfg = Release|iPhoneSimulator
		{9324170F-6231-43AC-9C66-36D3452F53D5}.Release|iPhone.ActiveCfg = Release|iPhone
		{9324170F-6231-43AC-9C66-36D3452F53D5}.Release|iPhone.Build.0 = Release|iPhone
		{9324170F-6231-43AC-9C66-36D3452F53D5}.Release|iPhoneSimulator.ActiveCfg = Release|iPhoneSimulator
		{9324170F-6231-43AC-9C66-36D3452F53D5}.Release|iPhoneSimulator.Build.0 = Release|iPhoneSimulator
		{9324170F-6231-43AC-9C66-36D3452F53D5}.Release|x64.ActiveCfg = Release|iPhoneSimulator
		{9324170F-6231-43AC-9C66-36D3452F53D5}.Release|x86.ActiveCfg = Release|iPhoneSimulator
		{7439497B-9593-41C1-9E0B-6E859C5CF895}.Ad-Hoc|Any CPU.ActiveCfg = Release|Any CPU
		{7439497B-9593-41C1-9E0B-6E859C5CF895}.Ad-Hoc|Any CPU.Build.0 = Release|Any CPU
		{7439497B-9593-41C1-9E0B-6E859C5CF895}.Ad-Hoc|ARM.ActiveCfg = Debug|Any CPU
		{7439497B-9593-41C1-9E0B-6E859C5CF895}.Ad-Hoc|ARM.Build.0 = Debug|Any CPU
		{7439497B-9593-41C1-9E0B-6E859C5CF895}.Ad-Hoc|iPhone.ActiveCfg = Release|Any CPU
		{7439497B-9593-41C1-9E0B-6E859C5CF895}.Ad-Hoc|iPhone.Build.0 = Release|Any CPU
		{7439497B-9593-41C1-9E0B-6E859C5CF895}.Ad-Hoc|iPhoneSimulator.ActiveCfg = Release|Any CPU
		{7439497B-9593-41C1-9E0B-6E859C5CF895}.Ad-Hoc|iPhoneSimulator.Build.0 = Release|Any CPU
		{7439497B-9593-41C1-9E0B-6E859C5CF895}.Ad-Hoc|x64.ActiveCfg = Debug|Any CPU
		{7439497B-9593-41C1-9E0B-6E859C5CF895}.Ad-Hoc|x64.Build.0 = Debug|Any CPU
		{7439497B-9593-41C1-9E0B-6E859C5CF895}.Ad-Hoc|x86.ActiveCfg = Debug|Any CPU
		{7439497B-9593-41C1-9E0B-6E859C5CF895}.Ad-Hoc|x86.Build.0 = Debug|Any CPU
		{7439497B-9593-41C1-9E0B-6E859C5CF895}.AppStore|Any CPU.ActiveCfg = Release|Any CPU
		{7439497B-9593-41C1-9E0B-6E859C5CF895}.AppStore|Any CPU.Build.0 = Release|Any CPU
		{7439497B-9593-41C1-9E0B-6E859C5CF895}.AppStore|ARM.ActiveCfg = Debug|Any CPU
		{7439497B-9593-41C1-9E0B-6E859C5CF895}.AppStore|ARM.Build.0 = Debug|Any CPU
		{7439497B-9593-41C1-9E0B-6E859C5CF895}.AppStore|iPhone.ActiveCfg = Release|Any CPU
		{7439497B-9593-41C1-9E0B-6E859C5CF895}.AppStore|iPhone.Build.0 = Release|Any CPU
		{7439497B-9593-41C1-9E0B-6E859C5CF895}.AppStore|iPhoneSimulator.ActiveCfg = Release|Any CPU
		{7439497B-9593-41C1-9E0B-6E859C5CF895}.AppStore|iPhoneSimulator.Build.0 = Release|Any CPU
		{7439497B-9593-41C1-9E0B-6E859C5CF895}.AppStore|x64.ActiveCfg = Debug|Any CPU
		{7439497B-9593-41C1-9E0B-6E859C5CF895}.AppStore|x64.Build.0 = Debug|Any CPU
		{7439497B-9593-41C1-9E0B-6E859C5CF895}.AppStore|x86.ActiveCfg = Debug|Any CPU
		{7439497B-9593-41C1-9E0B-6E859C5CF895}.AppStore|x86.Build.0 = Debug|Any CPU
		{7439497B-9593-41C1-9E0B-6E859C5CF895}.Debug|Any CPU.ActiveCfg = Debug|Any CPU
		{7439497B-9593-41C1-9E0B-6E859C5CF895}.Debug|Any CPU.Build.0 = Debug|Any CPU
		{7439497B-9593-41C1-9E0B-6E859C5CF895}.Debug|ARM.ActiveCfg = Debug|Any CPU
		{7439497B-9593-41C1-9E0B-6E859C5CF895}.Debug|ARM.Build.0 = Debug|Any CPU
		{7439497B-9593-41C1-9E0B-6E859C5CF895}.Debug|iPhone.ActiveCfg = Debug|Any CPU
		{7439497B-9593-41C1-9E0B-6E859C5CF895}.Debug|iPhone.Build.0 = Debug|Any CPU
		{7439497B-9593-41C1-9E0B-6E859C5CF895}.Debug|iPhoneSimulator.ActiveCfg = Debug|Any CPU
		{7439497B-9593-41C1-9E0B-6E859C5CF895}.Debug|iPhoneSimulator.Build.0 = Debug|Any CPU
		{7439497B-9593-41C1-9E0B-6E859C5CF895}.Debug|x64.ActiveCfg = Debug|Any CPU
		{7439497B-9593-41C1-9E0B-6E859C5CF895}.Debug|x64.Build.0 = Debug|Any CPU
		{7439497B-9593-41C1-9E0B-6E859C5CF895}.Debug|x86.ActiveCfg = Debug|Any CPU
		{7439497B-9593-41C1-9E0B-6E859C5CF895}.Debug|x86.Build.0 = Debug|Any CPU
		{7439497B-9593-41C1-9E0B-6E859C5CF895}.Release|Any CPU.ActiveCfg = Release|Any CPU
		{7439497B-9593-41C1-9E0B-6E859C5CF895}.Release|Any CPU.Build.0 = Release|Any CPU
		{7439497B-9593-41C1-9E0B-6E859C5CF895}.Release|ARM.ActiveCfg = Release|Any CPU
		{7439497B-9593-41C1-9E0B-6E859C5CF895}.Release|ARM.Build.0 = Release|Any CPU
		{7439497B-9593-41C1-9E0B-6E859C5CF895}.Release|iPhone.ActiveCfg = Release|Any CPU
		{7439497B-9593-41C1-9E0B-6E859C5CF895}.Release|iPhone.Build.0 = Release|Any CPU
		{7439497B-9593-41C1-9E0B-6E859C5CF895}.Release|iPhoneSimulator.ActiveCfg = Release|Any CPU
		{7439497B-9593-41C1-9E0B-6E859C5CF895}.Release|iPhoneSimulator.Build.0 = Release|Any CPU
		{7439497B-9593-41C1-9E0B-6E859C5CF895}.Release|x64.ActiveCfg = Release|Any CPU
		{7439497B-9593-41C1-9E0B-6E859C5CF895}.Release|x64.Build.0 = Release|Any CPU
		{7439497B-9593-41C1-9E0B-6E859C5CF895}.Release|x86.ActiveCfg = Release|Any CPU
		{7439497B-9593-41C1-9E0B-6E859C5CF895}.Release|x86.Build.0 = Release|Any CPU
		{BC514CD6-9662-43AA-AF59-6EBA7C279CEC}.Ad-Hoc|Any CPU.ActiveCfg = Release|x64
		{BC514CD6-9662-43AA-AF59-6EBA7C279CEC}.Ad-Hoc|Any CPU.Build.0 = Release|x64
		{BC514CD6-9662-43AA-AF59-6EBA7C279CEC}.Ad-Hoc|Any CPU.Deploy.0 = Release|x64
		{BC514CD6-9662-43AA-AF59-6EBA7C279CEC}.Ad-Hoc|ARM.ActiveCfg = Release|ARM
		{BC514CD6-9662-43AA-AF59-6EBA7C279CEC}.Ad-Hoc|ARM.Build.0 = Release|ARM
		{BC514CD6-9662-43AA-AF59-6EBA7C279CEC}.Ad-Hoc|ARM.Deploy.0 = Release|ARM
		{BC514CD6-9662-43AA-AF59-6EBA7C279CEC}.Ad-Hoc|iPhone.ActiveCfg = Release|x64
		{BC514CD6-9662-43AA-AF59-6EBA7C279CEC}.Ad-Hoc|iPhone.Build.0 = Release|x64
		{BC514CD6-9662-43AA-AF59-6EBA7C279CEC}.Ad-Hoc|iPhone.Deploy.0 = Release|x64
		{BC514CD6-9662-43AA-AF59-6EBA7C279CEC}.Ad-Hoc|iPhoneSimulator.ActiveCfg = Release|x64
		{BC514CD6-9662-43AA-AF59-6EBA7C279CEC}.Ad-Hoc|iPhoneSimulator.Build.0 = Release|x64
		{BC514CD6-9662-43AA-AF59-6EBA7C279CEC}.Ad-Hoc|iPhoneSimulator.Deploy.0 = Release|x64
		{BC514CD6-9662-43AA-AF59-6EBA7C279CEC}.Ad-Hoc|x64.ActiveCfg = Release|x64
		{BC514CD6-9662-43AA-AF59-6EBA7C279CEC}.Ad-Hoc|x64.Build.0 = Release|x64
		{BC514CD6-9662-43AA-AF59-6EBA7C279CEC}.Ad-Hoc|x64.Deploy.0 = Release|x64
		{BC514CD6-9662-43AA-AF59-6EBA7C279CEC}.Ad-Hoc|x86.ActiveCfg = Release|x86
		{BC514CD6-9662-43AA-AF59-6EBA7C279CEC}.Ad-Hoc|x86.Build.0 = Release|x86
		{BC514CD6-9662-43AA-AF59-6EBA7C279CEC}.Ad-Hoc|x86.Deploy.0 = Release|x86
		{BC514CD6-9662-43AA-AF59-6EBA7C279CEC}.AppStore|Any CPU.ActiveCfg = Release|x64
		{BC514CD6-9662-43AA-AF59-6EBA7C279CEC}.AppStore|Any CPU.Build.0 = Release|x64
		{BC514CD6-9662-43AA-AF59-6EBA7C279CEC}.AppStore|Any CPU.Deploy.0 = Release|x64
		{BC514CD6-9662-43AA-AF59-6EBA7C279CEC}.AppStore|ARM.ActiveCfg = Release|ARM
		{BC514CD6-9662-43AA-AF59-6EBA7C279CEC}.AppStore|ARM.Build.0 = Release|ARM
		{BC514CD6-9662-43AA-AF59-6EBA7C279CEC}.AppStore|ARM.Deploy.0 = Release|ARM
		{BC514CD6-9662-43AA-AF59-6EBA7C279CEC}.AppStore|iPhone.ActiveCfg = Release|x64
		{BC514CD6-9662-43AA-AF59-6EBA7C279CEC}.AppStore|iPhone.Build.0 = Release|x64
		{BC514CD6-9662-43AA-AF59-6EBA7C279CEC}.AppStore|iPhone.Deploy.0 = Release|x64
		{BC514CD6-9662-43AA-AF59-6EBA7C279CEC}.AppStore|iPhoneSimulator.ActiveCfg = Release|x64
		{BC514CD6-9662-43AA-AF59-6EBA7C279CEC}.AppStore|iPhoneSimulator.Build.0 = Release|x64
		{BC514CD6-9662-43AA-AF59-6EBA7C279CEC}.AppStore|iPhoneSimulator.Deploy.0 = Release|x64
		{BC514CD6-9662-43AA-AF59-6EBA7C279CEC}.AppStore|x64.ActiveCfg = Release|x64
		{BC514CD6-9662-43AA-AF59-6EBA7C279CEC}.AppStore|x64.Build.0 = Release|x64
		{BC514CD6-9662-43AA-AF59-6EBA7C279CEC}.AppStore|x64.Deploy.0 = Release|x64
		{BC514CD6-9662-43AA-AF59-6EBA7C279CEC}.AppStore|x86.ActiveCfg = Release|x86
		{BC514CD6-9662-43AA-AF59-6EBA7C279CEC}.AppStore|x86.Build.0 = Release|x86
		{BC514CD6-9662-43AA-AF59-6EBA7C279CEC}.AppStore|x86.Deploy.0 = Release|x86
		{BC514CD6-9662-43AA-AF59-6EBA7C279CEC}.Debug|Any CPU.ActiveCfg = Debug|x86
		{BC514CD6-9662-43AA-AF59-6EBA7C279CEC}.Debug|Any CPU.Build.0 = Debug|x86
		{BC514CD6-9662-43AA-AF59-6EBA7C279CEC}.Debug|Any CPU.Deploy.0 = Debug|x86
		{BC514CD6-9662-43AA-AF59-6EBA7C279CEC}.Debug|ARM.ActiveCfg = Debug|ARM
		{BC514CD6-9662-43AA-AF59-6EBA7C279CEC}.Debug|ARM.Build.0 = Debug|ARM
		{BC514CD6-9662-43AA-AF59-6EBA7C279CEC}.Debug|ARM.Deploy.0 = Debug|ARM
		{BC514CD6-9662-43AA-AF59-6EBA7C279CEC}.Debug|iPhone.ActiveCfg = Debug|x86
		{BC514CD6-9662-43AA-AF59-6EBA7C279CEC}.Debug|iPhoneSimulator.ActiveCfg = Debug|x86
		{BC514CD6-9662-43AA-AF59-6EBA7C279CEC}.Debug|x64.ActiveCfg = Debug|x64
		{BC514CD6-9662-43AA-AF59-6EBA7C279CEC}.Debug|x64.Build.0 = Debug|x64
		{BC514CD6-9662-43AA-AF59-6EBA7C279CEC}.Debug|x64.Deploy.0 = Debug|x64
		{BC514CD6-9662-43AA-AF59-6EBA7C279CEC}.Debug|x86.ActiveCfg = Debug|x86
		{BC514CD6-9662-43AA-AF59-6EBA7C279CEC}.Debug|x86.Build.0 = Debug|x86
		{BC514CD6-9662-43AA-AF59-6EBA7C279CEC}.Debug|x86.Deploy.0 = Debug|x86
		{BC514CD6-9662-43AA-AF59-6EBA7C279CEC}.Release|Any CPU.ActiveCfg = Release|x86
		{BC514CD6-9662-43AA-AF59-6EBA7C279CEC}.Release|ARM.ActiveCfg = Release|ARM
		{BC514CD6-9662-43AA-AF59-6EBA7C279CEC}.Release|ARM.Build.0 = Release|ARM
		{BC514CD6-9662-43AA-AF59-6EBA7C279CEC}.Release|ARM.Deploy.0 = Release|ARM
		{BC514CD6-9662-43AA-AF59-6EBA7C279CEC}.Release|iPhone.ActiveCfg = Release|x86
		{BC514CD6-9662-43AA-AF59-6EBA7C279CEC}.Release|iPhoneSimulator.ActiveCfg = Release|x86
		{BC514CD6-9662-43AA-AF59-6EBA7C279CEC}.Release|x64.ActiveCfg = Release|x64
		{BC514CD6-9662-43AA-AF59-6EBA7C279CEC}.Release|x64.Build.0 = Release|x64
		{BC514CD6-9662-43AA-AF59-6EBA7C279CEC}.Release|x64.Deploy.0 = Release|x64
		{BC514CD6-9662-43AA-AF59-6EBA7C279CEC}.Release|x86.ActiveCfg = Release|x86
		{BC514CD6-9662-43AA-AF59-6EBA7C279CEC}.Release|x86.Build.0 = Release|x86
		{BC514CD6-9662-43AA-AF59-6EBA7C279CEC}.Release|x86.Deploy.0 = Release|x86
	EndGlobalSection
	GlobalSection(SolutionProperties) = preSolution
		HideSolutionNode = FALSE
	EndGlobalSection
	GlobalSection(NestedProjects) = preSolution
		{2998DCD5-3845-4644-9BDC-C43C93687801} = {848D061D-1B8A-4B75-89AA-779A395D3AE7}
		{CA1870D2-8FC4-4DCF-8CDE-E013FCC75936} = {848D061D-1B8A-4B75-89AA-779A395D3AE7}
		{9324170F-6231-43AC-9C66-36D3452F53D5} = {848D061D-1B8A-4B75-89AA-779A395D3AE7}
		{7439497B-9593-41C1-9E0B-6E859C5CF895} = {8C72A39C-4DEF-411A-A568-E5EA3716A648}
		{BC514CD6-9662-43AA-AF59-6EBA7C279CEC} = {848D061D-1B8A-4B75-89AA-779A395D3AE7}
	EndGlobalSection
EndGlobal
